# This file is automatically @generated by Cargo.
# It is not intended for manual editing.
version = 4

[[package]]
name = "config"
version = "0.1.0"

[[package]]
name = "core-domain"
version = "0.1.0"

[[package]]
name = "meta-store"
version = "0.1.0"

[[package]]
name = "resume-cli"
version = "0.1.0"

[[package]]
name = "resume-daemon"
version = "0.1.0"
